// !$*UTF8*$!
{
	archiveVersion = 1;
	classes = {
	};
	objectVersion = 50;
	objects = {

/* Begin PBXBuildFile section */
		B6A712E82448F89100493FE7 /* AppDelegate.swift in Sources */ = {isa = PBXBuildFile; fileRef = B6A712E72448F89100493FE7 /* AppDelegate.swift */; };
		B6A712EA2448F89100493FE7 /* SceneDelegate.swift in Sources */ = {isa = PBXBuildFile; fileRef = B6A712E92448F89100493FE7 /* SceneDelegate.swift */; };
		B6A712EC2448F89100493FE7 /* MainScreenViewController.swift in Sources */ = {isa = PBXBuildFile; fileRef = B6A712EB2448F89100493FE7 /* MainScreenViewController.swift */; };
		B6A712EF2448F89100493FE7 /* Main.storyboard in Resources */ = {isa = PBXBuildFile; fileRef = B6A712ED2448F89100493FE7 /* Main.storyboard */; };
		B6A712F12448F89700493FE7 /* Assets.xcassets in Resources */ = {isa = PBXBuildFile; fileRef = B6A712F02448F89700493FE7 /* Assets.xcassets */; };
		B6A712F42448F89700493FE7 /* LaunchScreen.storyboard in Resources */ = {isa = PBXBuildFile; fileRef = B6A712F22448F89700493FE7 /* LaunchScreen.storyboard */; };
		B6A713012449079C00493FE7 /* DraggableItem.swift in Sources */ = {isa = PBXBuildFile; fileRef = B6A713002449079C00493FE7 /* DraggableItem.swift */; };
		B6C9236F244A290E00970B3D /* CurrencyTableViewCell.swift in Sources */ = {isa = PBXBuildFile; fileRef = B6C9236E244A290E00970B3D /* CurrencyTableViewCell.swift */; };
		B6C92371244A30AC00970B3D /* KeyboardButton.swift in Sources */ = {isa = PBXBuildFile; fileRef = B6C92370244A30AC00970B3D /* KeyboardButton.swift */; };
		B6E3903224490E28005ECAD6 /* PalletteViewController.swift in Sources */ = {isa = PBXBuildFile; fileRef = B6E3903124490E28005ECAD6 /* PalletteViewController.swift */; };
		B6E3903424490E51005ECAD6 /* RulerViewController.swift in Sources */ = {isa = PBXBuildFile; fileRef = B6E3903324490E51005ECAD6 /* RulerViewController.swift */; };
		B6E3903624490E64005ECAD6 /* DiceViewController.swift in Sources */ = {isa = PBXBuildFile; fileRef = B6E3903524490E64005ECAD6 /* DiceViewController.swift */; };
		B6E3903824490E6F005ECAD6 /* CoinViewController.swift in Sources */ = {isa = PBXBuildFile; fileRef = B6E3903724490E6F005ECAD6 /* CoinViewController.swift */; };
		B6E3903A24490E7D005ECAD6 /* LockViewController.swift in Sources */ = {isa = PBXBuildFile; fileRef = B6E3903924490E7D005ECAD6 /* LockViewController.swift */; };
		B6E3903C24490E89005ECAD6 /* CalculatorViewController.swift in Sources */ = {isa = PBXBuildFile; fileRef = B6E3903B24490E89005ECAD6 /* CalculatorViewController.swift */; };
		B6E3904024491914005ECAD6 /* UselessStuffProtocol.swift in Sources */ = {isa = PBXBuildFile; fileRef = B6E3903F24491914005ECAD6 /* UselessStuffProtocol.swift */; };
		B6E390422449195C005ECAD6 /* UselessStuffDelegate.swift in Sources */ = {isa = PBXBuildFile; fileRef = B6E390412449195C005ECAD6 /* UselessStuffDelegate.swift */; };
		B6E3904524491EB1005ECAD6 /* CurrencyTextField.swift in Sources */ = {isa = PBXBuildFile; fileRef = B6E3904324491EB1005ECAD6 /* CurrencyTextField.swift */; };
		B6E3904624491EB1005ECAD6 /* DarkRoundedTextField.swift in Sources */ = {isa = PBXBuildFile; fileRef = B6E3904424491EB1005ECAD6 /* DarkRoundedTextField.swift */; };
/* End PBXBuildFile section */

/* Begin PBXFileReference section */
		B6A712E42448F89100493FE7 /* UselessStuff.app */ = {isa = PBXFileReference; explicitFileType = wrapper.application; includeInIndex = 0; path = UselessStuff.app; sourceTree = BUILT_PRODUCTS_DIR; };
		B6A712E72448F89100493FE7 /* AppDelegate.swift */ = {isa = PBXFileReference; lastKnownFileType = sourcecode.swift; path = AppDelegate.swift; sourceTree = "<group>"; };
		B6A712E92448F89100493FE7 /* SceneDelegate.swift */ = {isa = PBXFileReference; lastKnownFileType = sourcecode.swift; path = SceneDelegate.swift; sourceTree = "<group>"; };
		B6A712EB2448F89100493FE7 /* MainScreenViewController.swift */ = {isa = PBXFileReference; lastKnownFileType = sourcecode.swift; path = MainScreenViewController.swift; sourceTree = "<group>"; };
		B6A712EE2448F89100493FE7 /* Base */ = {isa = PBXFileReference; lastKnownFileType = file.storyboard; name = Base; path = Base.lproj/Main.storyboard; sourceTree = "<group>"; };
		B6A712F02448F89700493FE7 /* Assets.xcassets */ = {isa = PBXFileReference; lastKnownFileType = folder.assetcatalog; path = Assets.xcassets; sourceTree = "<group>"; };
		B6A712F32448F89700493FE7 /* Base */ = {isa = PBXFileReference; lastKnownFileType = file.storyboard; name = Base; path = Base.lproj/LaunchScreen.storyboard; sourceTree = "<group>"; };
		B6A712F52448F89700493FE7 /* Info.plist */ = {isa = PBXFileReference; lastKnownFileType = text.plist.xml; path = Info.plist; sourceTree = "<group>"; };
		B6A713002449079C00493FE7 /* DraggableItem.swift */ = {isa = PBXFileReference; lastKnownFileType = sourcecode.swift; path = DraggableItem.swift; sourceTree = "<group>"; };
		B6C9236E244A290E00970B3D /* CurrencyTableViewCell.swift */ = {isa = PBXFileReference; lastKnownFileType = sourcecode.swift; path = CurrencyTableViewCell.swift; sourceTree = "<group>"; };
		B6C92370244A30AC00970B3D /* KeyboardButton.swift */ = {isa = PBXFileReference; lastKnownFileType = sourcecode.swift; path = KeyboardButton.swift; sourceTree = "<group>"; };
		B6E3903124490E28005ECAD6 /* PalletteViewController.swift */ = {isa = PBXFileReference; lastKnownFileType = sourcecode.swift; path = PalletteViewController.swift; sourceTree = "<group>"; };
		B6E3903324490E51005ECAD6 /* RulerViewController.swift */ = {isa = PBXFileReference; lastKnownFileType = sourcecode.swift; path = RulerViewController.swift; sourceTree = "<group>"; };
		B6E3903524490E64005ECAD6 /* DiceViewController.swift */ = {isa = PBXFileReference; lastKnownFileType = sourcecode.swift; path = DiceViewController.swift; sourceTree = "<group>"; };
		B6E3903724490E6F005ECAD6 /* CoinViewController.swift */ = {isa = PBXFileReference; lastKnownFileType = sourcecode.swift; path = CoinViewController.swift; sourceTree = "<group>"; };
		B6E3903924490E7D005ECAD6 /* LockViewController.swift */ = {isa = PBXFileReference; lastKnownFileType = sourcecode.swift; path = LockViewController.swift; sourceTree = "<group>"; };
		B6E3903B24490E89005ECAD6 /* CalculatorViewController.swift */ = {isa = PBXFileReference; lastKnownFileType = sourcecode.swift; path = CalculatorViewController.swift; sourceTree = "<group>"; };
		B6E3903F24491914005ECAD6 /* UselessStuffProtocol.swift */ = {isa = PBXFileReference; lastKnownFileType = sourcecode.swift; path = UselessStuffProtocol.swift; sourceTree = "<group>"; };
		B6E390412449195C005ECAD6 /* UselessStuffDelegate.swift */ = {isa = PBXFileReference; lastKnownFileType = sourcecode.swift; path = UselessStuffDelegate.swift; sourceTree = "<group>"; };
		B6E3904324491EB1005ECAD6 /* CurrencyTextField.swift */ = {isa = PBXFileReference; fileEncoding = 4; lastKnownFileType = sourcecode.swift; path = CurrencyTextField.swift; sourceTree = "<group>"; };
		B6E3904424491EB1005ECAD6 /* DarkRoundedTextField.swift */ = {isa = PBXFileReference; fileEncoding = 4; lastKnownFileType = sourcecode.swift; path = DarkRoundedTextField.swift; sourceTree = "<group>"; };
/* End PBXFileReference section */

/* Begin PBXFrameworksBuildPhase section */
		B6A712E12448F89100493FE7 /* Frameworks */ = {
			isa = PBXFrameworksBuildPhase;
			buildActionMask = 2147483647;
			files = (
			);
			runOnlyForDeploymentPostprocessing = 0;
		};
/* End PBXFrameworksBuildPhase section */

/* Begin PBXGroup section */
		B6A712DB2448F89100493FE7 = {
			isa = PBXGroup;
			children = (
				B6A712E52448F89100493FE7 /* Products */,
				B6A712E62448F89100493FE7 /* UselessStuff */,
			);
			sourceTree = "<group>";
		};
		B6A712E52448F89100493FE7 /* Products */ = {
			isa = PBXGroup;
			children = (
				B6A712E42448F89100493FE7 /* UselessStuff.app */,
			);
			name = Products;
			sourceTree = "<group>";
		};
		B6A712E62448F89100493FE7 /* UselessStuff */ = {
			isa = PBXGroup;
			children = (
				B6E3903E244918CA005ECAD6 /* ViewModels */,
				B6A712FF2449062F00493FE7 /* Storyboards */,
				B6A712FE2449062300493FE7 /* Supporting Files */,
				B6A712FD2449061A00493FE7 /* Models */,
				B6A712FC2449061400493FE7 /* Views */,
				B6A712FB244905FC00493FE7 /* Controllers */,
				B6A712F02448F89700493FE7 /* Assets.xcassets */,
				B6A712F52448F89700493FE7 /* Info.plist */,
			);
			path = UselessStuff;
			sourceTree = "<group>";
		};
		B6A712FB244905FC00493FE7 /* Controllers */ = {
			isa = PBXGroup;
			children = (
				B6A712EB2448F89100493FE7 /* MainScreenViewController.swift */,
				B6E3903124490E28005ECAD6 /* PalletteViewController.swift */,
				B6E3903324490E51005ECAD6 /* RulerViewController.swift */,
				B6E3903524490E64005ECAD6 /* DiceViewController.swift */,
				B6E3903724490E6F005ECAD6 /* CoinViewController.swift */,
				B6E3903924490E7D005ECAD6 /* LockViewController.swift */,
				B6E3903B24490E89005ECAD6 /* CalculatorViewController.swift */,
			);
			path = Controllers;
			sourceTree = "<group>";
		};
		B6A712FC2449061400493FE7 /* Views */ = {
			isa = PBXGroup;
			children = (
				B6E3904324491EB1005ECAD6 /* CurrencyTextField.swift */,
				B6E3904424491EB1005ECAD6 /* DarkRoundedTextField.swift */,
				B6A713002449079C00493FE7 /* DraggableItem.swift */,
				B6C9236E244A290E00970B3D /* CurrencyTableViewCell.swift */,
				B6C92370244A30AC00970B3D /* KeyboardButton.swift */,
			);
			path = Views;
			sourceTree = "<group>";
		};
		B6A712FD2449061A00493FE7 /* Models */ = {
			isa = PBXGroup;
			children = (
			);
			path = Models;
			sourceTree = "<group>";
		};
		B6A712FE2449062300493FE7 /* Supporting Files */ = {
			isa = PBXGroup;
			children = (
				B6A712E72448F89100493FE7 /* AppDelegate.swift */,
				B6A712E92448F89100493FE7 /* SceneDelegate.swift */,
			);
			path = "Supporting Files";
			sourceTree = "<group>";
		};
		B6A712FF2449062F00493FE7 /* Storyboards */ = {
			isa = PBXGroup;
			children = (
				B6A712ED2448F89100493FE7 /* Main.storyboard */,
				B6A712F22448F89700493FE7 /* LaunchScreen.storyboard */,
			);
			path = Storyboards;
			sourceTree = "<group>";
		};
		B6E3903E244918CA005ECAD6 /* ViewModels */ = {
			isa = PBXGroup;
			children = (
				B6E3903F24491914005ECAD6 /* UselessStuffProtocol.swift */,
				B6E390412449195C005ECAD6 /* UselessStuffDelegate.swift */,
			);
			path = ViewModels;
			sourceTree = "<group>";
		};
/* End PBXGroup section */

/* Begin PBXNativeTarget section */
		B6A712E32448F89100493FE7 /* UselessStuff */ = {
			isa = PBXNativeTarget;
			buildConfigurationList = B6A712F82448F89700493FE7 /* Build configuration list for PBXNativeTarget "UselessStuff" */;
			buildPhases = (
				B6A712E02448F89100493FE7 /* Sources */,
				B6A712E12448F89100493FE7 /* Frameworks */,
				B6A712E22448F89100493FE7 /* Resources */,
			);
			buildRules = (
			);
			dependencies = (
			);
			name = UselessStuff;
			productName = UselessStuff;
			productReference = B6A712E42448F89100493FE7 /* UselessStuff.app */;
			productType = "com.apple.product-type.application";
		};
/* End PBXNativeTarget section */

/* Begin PBXProject section */
		B6A712DC2448F89100493FE7 /* Project object */ = {
			isa = PBXProject;
			attributes = {
				LastSwiftUpdateCheck = 1140;
				LastUpgradeCheck = 1140;
				ORGANIZATIONNAME = "Lucas Fernandez Nicolau";
				TargetAttributes = {
					B6A712E32448F89100493FE7 = {
						CreatedOnToolsVersion = 11.4.1;
					};
				};
			};
			buildConfigurationList = B6A712DF2448F89100493FE7 /* Build configuration list for PBXProject "UselessStuff" */;
			compatibilityVersion = "Xcode 9.3";
			developmentRegion = en;
			hasScannedForEncodings = 0;
			knownRegions = (
				en,
				Base,
			);
			mainGroup = B6A712DB2448F89100493FE7;
			productRefGroup = B6A712E52448F89100493FE7 /* Products */;
			projectDirPath = "";
			projectRoot = "";
			targets = (
				B6A712E32448F89100493FE7 /* UselessStuff */,
			);
		};
/* End PBXProject section */

/* Begin PBXResourcesBuildPhase section */
		B6A712E22448F89100493FE7 /* Resources */ = {
			isa = PBXResourcesBuildPhase;
			buildActionMask = 2147483647;
			files = (
				B6A712F42448F89700493FE7 /* LaunchScreen.storyboard in Resources */,
				B6A712F12448F89700493FE7 /* Assets.xcassets in Resources */,
				B6A712EF2448F89100493FE7 /* Main.storyboard in Resources */,
			);
			runOnlyForDeploymentPostprocessing = 0;
		};
/* End PBXResourcesBuildPhase section */

/* Begin PBXSourcesBuildPhase section */
		B6A712E02448F89100493FE7 /* Sources */ = {
			isa = PBXSourcesBuildPhase;
			buildActionMask = 2147483647;
			files = (
				B6E3904524491EB1005ECAD6 /* CurrencyTextField.swift in Sources */,
				B6E3903C24490E89005ECAD6 /* CalculatorViewController.swift in Sources */,
				B6A712EC2448F89100493FE7 /* MainScreenViewController.swift in Sources */,
				B6E3904624491EB1005ECAD6 /* DarkRoundedTextField.swift in Sources */,
				B6A712E82448F89100493FE7 /* AppDelegate.swift in Sources */,
				B6A713012449079C00493FE7 /* DraggableItem.swift in Sources */,
				B6E390422449195C005ECAD6 /* UselessStuffDelegate.swift in Sources */,
				B6E3903824490E6F005ECAD6 /* CoinViewController.swift in Sources */,
				B6E3903624490E64005ECAD6 /* DiceViewController.swift in Sources */,
				B6E3903424490E51005ECAD6 /* RulerViewController.swift in Sources */,
				B6E3904024491914005ECAD6 /* UselessStuffProtocol.swift in Sources */,
				B6E3903A24490E7D005ECAD6 /* LockViewController.swift in Sources */,
				B6C92371244A30AC00970B3D /* KeyboardButton.swift in Sources */,
				B6E3903224490E28005ECAD6 /* PalletteViewController.swift in Sources */,
				B6C9236F244A290E00970B3D /* CurrencyTableViewCell.swift in Sources */,
				B6A712EA2448F89100493FE7 /* SceneDelegate.swift in Sources */,
			);
			runOnlyForDeploymentPostprocessing = 0;
		};
/* End PBXSourcesBuildPhase section */

/* Begin PBXVariantGroup section */
		B6A712ED2448F89100493FE7 /* Main.storyboard */ = {
			isa = PBXVariantGroup;
			children = (
				B6A712EE2448F89100493FE7 /* Base */,
			);
			name = Main.storyboard;
			sourceTree = "<group>";
		};
		B6A712F22448F89700493FE7 /* LaunchScreen.storyboard */ = {
			isa = PBXVariantGroup;
			children = (
				B6A712F32448F89700493FE7 /* Base */,
			);
			name = LaunchScreen.storyboard;
			sourceTree = "<group>";
		};
/* End PBXVariantGroup section */

/* Begin XCBuildConfiguration section */
		B6A712F62448F89700493FE7 /* Debug */ = {
			isa = XCBuildConfiguration;
			buildSettings = {
				ALWAYS_SEARCH_USER_PATHS = NO;
				CLANG_ANALYZER_NONNULL = YES;
				CLANG_ANALYZER_NUMBER_OBJECT_CONVERSION = YES_AGGRESSIVE;
				CLANG_CXX_LANGUAGE_STANDARD = "gnu++14";
				CLANG_CXX_LIBRARY = "libc++";
				CLANG_ENABLE_MODULES = YES;
				CLANG_ENABLE_OBJC_ARC = YES;
				CLANG_ENABLE_OBJC_WEAK = YES;
				CLANG_WARN_BLOCK_CAPTURE_AUTORELEASING = YES;
				CLANG_WARN_BOOL_CONVERSION = YES;
				CLANG_WARN_COMMA = YES;
				CLANG_WARN_CONSTANT_CONVERSION = YES;
				CLANG_WARN_DEPRECATED_OBJC_IMPLEMENTATIONS = YES;
				CLANG_WARN_DIRECT_OBJC_ISA_USAGE = YES_ERROR;
				CLANG_WARN_DOCUMENTATION_COMMENTS = YES;
				CLANG_WARN_EMPTY_BODY = YES;
				CLANG_WARN_ENUM_CONVERSION = YES;
				CLANG_WARN_INFINITE_RECURSION = YES;
				CLANG_WARN_INT_CONVERSION = YES;
				CLANG_WARN_NON_LITERAL_NULL_CONVERSION = YES;
				CLANG_WARN_OBJC_IMPLICIT_RETAIN_SELF = YES;
				CLANG_WARN_OBJC_LITERAL_CONVERSION = YES;
				CLANG_WARN_OBJC_ROOT_CLASS = YES_ERROR;
				CLANG_WARN_RANGE_LOOP_ANALYSIS = YES;
				CLANG_WARN_STRICT_PROTOTYPES = YES;
				CLANG_WARN_SUSPICIOUS_MOVE = YES;
				CLANG_WARN_UNGUARDED_AVAILABILITY = YES_AGGRESSIVE;
				CLANG_WARN_UNREACHABLE_CODE = YES;
				CLANG_WARN__DUPLICATE_METHOD_MATCH = YES;
				COPY_PHASE_STRIP = NO;
				DEBUG_INFORMATION_FORMAT = dwarf;
				ENABLE_STRICT_OBJC_MSGSEND = YES;
				ENABLE_TESTABILITY = YES;
				GCC_C_LANGUAGE_STANDARD = gnu11;
				GCC_DYNAMIC_NO_PIC = NO;
				GCC_NO_COMMON_BLOCKS = YES;
				GCC_OPTIMIZATION_LEVEL = 0;
				GCC_PREPROCESSOR_DEFINITIONS = (
					"DEBUG=1",
					"$(inherited)",
				);
				GCC_WARN_64_TO_32_BIT_CONVERSION = YES;
				GCC_WARN_ABOUT_RETURN_TYPE = YES_ERROR;
				GCC_WARN_UNDECLARED_SELECTOR = YES;
				GCC_WARN_UNINITIALIZED_AUTOS = YES_AGGRESSIVE;
				GCC_WARN_UNUSED_FUNCTION = YES;
				GCC_WARN_UNUSED_VARIABLE = YES;
				IPHONEOS_DEPLOYMENT_TARGET = 13.4;
				MTL_ENABLE_DEBUG_INFO = INCLUDE_SOURCE;
				MTL_FAST_MATH = YES;
				ONLY_ACTIVE_ARCH = YES;
				SDKROOT = iphoneos;
				SWIFT_ACTIVE_COMPILATION_CONDITIONS = DEBUG;
				SWIFT_OPTIMIZATION_LEVEL = "-Onone";
			};
			name = Debug;
		};
		B6A712F72448F89700493FE7 /* Release */ = {
			isa = XCBuildConfiguration;
			buildSettings = {
				ALWAYS_SEARCH_USER_PATHS = NO;
				CLANG_ANALYZER_NONNULL = YES;
				CLANG_ANALYZER_NUMBER_OBJECT_CONVERSION = YES_AGGRESSIVE;
				CLANG_CXX_LANGUAGE_STANDARD = "gnu++14";
				CLANG_CXX_LIBRARY = "libc++";
				CLANG_ENABLE_MODULES = YES;
				CLANG_ENABLE_OBJC_ARC = YES;
				CLANG_ENABLE_OBJC_WEAK = YES;
				CLANG_WARN_BLOCK_CAPTURE_AUTORELEASING = YES;
				CLANG_WARN_BOOL_CONVERSION = YES;
				CLANG_WARN_COMMA = YES;
				CLANG_WARN_CONSTANT_CONVERSION = YES;
				CLANG_WARN_DEPRECATED_OBJC_IMPLEMENTATIONS = YES;
				CLANG_WARN_DIRECT_OBJC_ISA_USAGE = YES_ERROR;
				CLANG_WARN_DOCUMENTATION_COMMENTS = YES;
				CLANG_WARN_EMPTY_BODY = YES;
				CLANG_WARN_ENUM_CONVERSION = YES;
				CLANG_WARN_INFINITE_RECURSION = YES;
				CLANG_WARN_INT_CONVERSION = YES;
				CLANG_WARN_NON_LITERAL_NULL_CONVERSION = YES;
				CLANG_WARN_OBJC_IMPLICIT_RETAIN_SELF = YES;
				CLANG_WARN_OBJC_LITERAL_CONVERSION = YES;
				CLANG_WARN_OBJC_ROOT_CLASS = YES_ERROR;
				CLANG_WARN_RANGE_LOOP_ANALYSIS = YES;
				CLANG_WARN_STRICT_PROTOTYPES = YES;
				CLANG_WARN_SUSPICIOUS_MOVE = YES;
				CLANG_WARN_UNGUARDED_AVAILABILITY = YES_AGGRESSIVE;
				CLANG_WARN_UNREACHABLE_CODE = YES;
				CLANG_WARN__DUPLICATE_METHOD_MATCH = YES;
				COPY_PHASE_STRIP = NO;
				DEBUG_INFORMATION_FORMAT = "dwarf-with-dsym";
				ENABLE_NS_ASSERTIONS = NO;
				ENABLE_STRICT_OBJC_MSGSEND = YES;
				GCC_C_LANGUAGE_STANDARD = gnu11;
				GCC_NO_COMMON_BLOCKS = YES;
				GCC_WARN_64_TO_32_BIT_CONVERSION = YES;
				GCC_WARN_ABOUT_RETURN_TYPE = YES_ERROR;
				GCC_WARN_UNDECLARED_SELECTOR = YES;
				GCC_WARN_UNINITIALIZED_AUTOS = YES_AGGRESSIVE;
				GCC_WARN_UNUSED_FUNCTION = YES;
				GCC_WARN_UNUSED_VARIABLE = YES;
				IPHONEOS_DEPLOYMENT_TARGET = 13.4;
				MTL_ENABLE_DEBUG_INFO = NO;
				MTL_FAST_MATH = YES;
				SDKROOT = iphoneos;
				SWIFT_COMPILATION_MODE = wholemodule;
				SWIFT_OPTIMIZATION_LEVEL = "-O";
				VALIDATE_PRODUCT = YES;
			};
			name = Release;
		};
		B6A712F92448F89700493FE7 /* Debug */ = {
			isa = XCBuildConfiguration;
			buildSettings = {
				ASSETCATALOG_COMPILER_APPICON_NAME = AppIcon;
				CODE_SIGN_STYLE = Automatic;
				DEVELOPMENT_TEAM = 87G2Y58K9U;
				INFOPLIST_FILE = UselessStuff/Info.plist;
				LD_RUNPATH_SEARCH_PATHS = (
					"$(inherited)",
					"@executable_path/Frameworks",
				);
				PRODUCT_BUNDLE_IDENTIFIER = lucasfn.UselessStuff;
				PRODUCT_NAME = "$(TARGET_NAME)";
				SWIFT_VERSION = 5.0;
				TARGETED_DEVICE_FAMILY = 1;
			};
			name = Debug;
		};
		B6A712FA2448F89700493FE7 /* Release */ = {
			isa = XCBuildConfiguration;
			buildSettings = {
				ASSETCATALOG_COMPILER_APPICON_NAME = AppIcon;
				CODE_SIGN_STYLE = Automatic;
				DEVELOPMENT_TEAM = 87G2Y58K9U;
				INFOPLIST_FILE = UselessStuff/Info.plist;
				LD_RUNPATH_SEARCH_PATHS = (
					"$(inherited)",
					"@executable_path/Frameworks",
				);
				PRODUCT_BUNDLE_IDENTIFIER = lucasfn.UselessStuff;
				PRODUCT_NAME = "$(TARGET_NAME)";
				SWIFT_VERSION = 5.0;
				TARGETED_DEVICE_FAMILY = 1;
			};
			name = Release;
		};
/* End XCBuildConfiguration section */

/* Begin XCConfigurationList section */
		B6A712DF2448F89100493FE7 /* Build configuration list for PBXProject "UselessStuff" */ = {
			isa = XCConfigurationList;
			buildConfigurations = (
				B6A712F62448F89700493FE7 /* Debug */,
				B6A712F72448F89700493FE7 /* Release */,
			);
			defaultConfigurationIsVisible = 0;
			defaultConfigurationName = Release;
		};
		B6A712F82448F89700493FE7 /* Build configuration list for PBXNativeTarget "UselessStuff" */ = {
			isa = XCConfigurationList;
			buildConfigurations = (
				B6A712F92448F89700493FE7 /* Debug */,
				B6A712FA2448F89700493FE7 /* Release */,
			);
			defaultConfigurationIsVisible = 0;
			defaultConfigurationName = Release;
		};
/* End XCConfigurationList section */
	};
	rootObject = B6A712DC2448F89100493FE7 /* Project object */;
}
